
Microsoft Visual Studio Solution File, Format Version 12.00
# Visual Studio Version 17
VisualStudioVersion = 17.4.33110.190
MinimumVisualStudioVersion = 10.0.40219.1
Project("{FAE04EC0-301F-11D3-BF4B-00C04F79EFBC}") = "UIProgrammingFinalExercise", "UIProgrammingFinalExercise\UIProgrammingFinalExercise.csproj", "{8583115D-8698-44F7-8E01-3B9F6B656C7F}"
EndProject
Global
	GlobalSection(SolutionConfigurationPlatforms) = preSolution
		Debug|Any CPU = Debug|Any CPU
		Release|Any CPU = Release|Any CPU
	EndGlobalSection
	GlobalSection(ProjectConfigurationPlatforms) = postSolution
		{8583115D-8698-44F7-8E01-3B9F6B656C7F}.Debug|Any CPU.ActiveCfg = Debug|Any CPU
		{8583115D-8698-44F7-8E01-3B9F6B656C7F}.Debug|Any CPU.Build.0 = Debug|Any CPU
		{8583115D-8698-44F7-8E01-3B9F6B656C7F}.Release|Any CPU.ActiveCfg = Release|Any CPU
		{8583115D-8698-44F7-8E01-3B9F6B656C7F}.Release|Any CPU.Build.0 = Release|Any CPU
	EndGlobalSection
	GlobalSection(SolutionProperties) = preSolution
		HideSolutionNode = FALSE
	EndGlobalSection
	GlobalSection(ExtensibilityGlobals) = postSolution
		SolutionGuid = {17572CD4-6B5C-453F-9901-2009E8E61EF2}
	EndGlobalSection
EndGlobal
